
Microsoft Visual Studio Solution File, Format Version 12.00
# Visual Studio 14
VisualStudioVersion = 14.0.25420.1
MinimumVisualStudioVersion = 10.0.40219.1
Project("{FAE04EC0-301F-11D3-BF4B-00C04F79EFBC}") = "FuncLocSet.Simple.Client", "FuncLocSet.Simple.Client\FuncLocSet.Simple.Client.csproj", "{D7EA9992-7F2D-48B6-96EC-8E6A83563818}"
EndProject
Project("{FAE04EC0-301F-11D3-BF4B-00C04F79EFBC}") = "Simple.OData.Tests", "Simple.OData.Tests\Simple.OData.Tests.csproj", "{7B49154E-F7F6-40DB-9B77-328942FC4A86}"
EndProject
Global
	GlobalSection(SolutionConfigurationPlatforms) = preSolution
		Debug|Any CPU = Debug|Any CPU
		Release|Any CPU = Release|Any CPU
	EndGlobalSection
	GlobalSection(ProjectConfigurationPlatforms) = postSolution
		{D7EA9992-7F2D-48B6-96EC-8E6A83563818}.Debug|Any CPU.ActiveCfg = Debug|Any CPU
		{D7EA9992-7F2D-48B6-96EC-8E6A83563818}.Debug|Any CPU.Build.0 = Debug|Any CPU
		{D7EA9992-7F2D-48B6-96EC-8E6A83563818}.Release|Any CPU.ActiveCfg = Release|Any CPU
		{D7EA9992-7F2D-48B6-96EC-8E6A83563818}.Release|Any CPU.Build.0 = Release|Any CPU
		{7B49154E-F7F6-40DB-9B77-328942FC4A86}.Debug|Any CPU.ActiveCfg = Debug|Any CPU
		{7B49154E-F7F6-40DB-9B77-328942FC4A86}.Debug|Any CPU.Build.0 = Debug|Any CPU
		{7B49154E-F7F6-40DB-9B77-328942FC4A86}.Release|Any CPU.ActiveCfg = Release|Any CPU
		{7B49154E-F7F6-40DB-9B77-328942FC4A86}.Release|Any CPU.Build.0 = Release|Any CPU
	EndGlobalSection
	GlobalSection(SolutionProperties) = preSolution
		HideSolutionNode = FALSE
	EndGlobalSection
EndGlobal
